
Microsoft Visual Studio Solution File, Format Version 12.00
# Visual Studio Version 17
VisualStudioVersion = 17.8.34408.163
MinimumVisualStudioVersion = 10.0.40219.1
Project("{FAE04EC0-301F-11D3-BF4B-00C04F79EFBC}") = "TicketsApi", "TicketsApi\TicketsApi.csproj", "{1DD666DA-8840-4773-8B5A-4A079EC3F4A0}"
EndProject
Global
	GlobalSection(SolutionConfigurationPlatforms) = preSolution
		Debug|Any CPU = Debug|Any CPU
		Release|Any CPU = Release|Any CPU
	EndGlobalSection
	GlobalSection(ProjectConfigurationPlatforms) = postSolution
		{1DD666DA-8840-4773-8B5A-4A079EC3F4A0}.Debug|Any CPU.ActiveCfg = Debug|Any CPU
		{1DD666DA-8840-4773-8B5A-4A079EC3F4A0}.Debug|Any CPU.Build.0 = Debug|Any CPU
		{1DD666DA-8840-4773-8B5A-4A079EC3F4A0}.Release|Any CPU.ActiveCfg = Release|Any CPU
		{1DD666DA-8840-4773-8B5A-4A079EC3F4A0}.Release|Any CPU.Build.0 = Release|Any CPU
	EndGlobalSection
	GlobalSection(SolutionProperties) = preSolution
		HideSolutionNode = FALSE
	EndGlobalSection
	GlobalSection(ExtensibilityGlobals) = postSolution
		SolutionGuid = {5ECACE18-B9CC-4685-A4A3-C82D33DC350F}
	EndGlobalSection
EndGlobal
